
Microsoft Visual Studio Solution File, Format Version 12.00
# Visual Studio Version 16
VisualStudioVersion = 16.0.32413.511
MinimumVisualStudioVersion = 10.0.40219.1
Project("{FAE04EC0-301F-11D3-BF4B-00C04F79EFBC}") = "EAPStudy", "EAPStudy\EAPStudy.csproj", "{F88037AA-26F7-4810-ADBE-4C8CD35ED574}"
EndProject
Global
	GlobalSection(SolutionConfigurationPlatforms) = preSolution
		Debug|Any CPU = Debug|Any CPU
		Release|Any CPU = Release|Any CPU
	EndGlobalSection
	GlobalSection(ProjectConfigurationPlatforms) = postSolution
		{F88037AA-26F7-4810-ADBE-4C8CD35ED574}.Debug|Any CPU.ActiveCfg = Debug|Any CPU
		{F88037AA-26F7-4810-ADBE-4C8CD35ED574}.Debug|Any CPU.Build.0 = Debug|Any CPU
		{F88037AA-26F7-4810-ADBE-4C8CD35ED574}.Release|Any CPU.ActiveCfg = Release|Any CPU
		{F88037AA-26F7-4810-ADBE-4C8CD35ED574}.Release|Any CPU.Build.0 = Release|Any CPU
	EndGlobalSection
	GlobalSection(SolutionProperties) = preSolution
		HideSolutionNode = FALSE
	EndGlobalSection
	GlobalSection(ExtensibilityGlobals) = postSolution
		SolutionGuid = {E4FE1F12-B378-4A32-B632-98A736CF763C}
	EndGlobalSection
EndGlobal
